// !$*UTF8*$!
{
	archiveVersion = 1;
	classes = {
	};
	objectVersion = 46;
	objects = {

/* Begin PBXBuildFile section */
		D5FC17881E44328A0004499C /* AppDelegate.swift in Sources */ = {isa = PBXBuildFile; fileRef = D5FC17871E44328A0004499C /* AppDelegate.swift */; };
		D5FC178A1E44328A0004499C /* ViewController.swift in Sources */ = {isa = PBXBuildFile; fileRef = D5FC17891E44328A0004499C /* ViewController.swift */; };
		D5FC178D1E44328A0004499C /* Main.storyboard in Resources */ = {isa = PBXBuildFile; fileRef = D5FC178B1E44328A0004499C /* Main.storyboard */; };
		D5FC178F1E44328A0004499C /* Assets.xcassets in Resources */ = {isa = PBXBuildFile; fileRef = D5FC178E1E44328A0004499C /* Assets.xcassets */; };
		D5FC17921E44328A0004499C /* LaunchScreen.storyboard in Resources */ = {isa = PBXBuildFile; fileRef = D5FC17901E44328A0004499C /* LaunchScreen.storyboard */; };
/* End PBXBuildFile section */

/* Begin PBXFileReference section */
		D5FC17841E44328A0004499C /* MyAutoLayout.app */ = {isa = PBXFileReference; explicitFileType = wrapper.application; includeInIndex = 0; path = MyAutoLayout.app; sourceTree = BUILT_PRODUCTS_DIR; };
		D5FC17871E44328A0004499C /* AppDelegate.swift */ = {isa = PBXFileReference; lastKnownFileType = sourcecode.swift; path = AppDelegate.swift; sourceTree = "<group>"; };
		D5FC17891E44328A0004499C /* ViewController.swift */ = {isa = PBXFileReference; lastKnownFileType = sourcecode.swift; path = ViewController.swift; sourceTree = "<group>"; };
		D5FC178C1E44328A0004499C /* Base */ = {isa = PBXFileReference; lastKnownFileType = file.storyboard; name = Base; path = Base.lproj/Main.storyboard; sourceTree = "<group>"; };
		D5FC178E1E44328A0004499C /* Assets.xcassets */ = {isa = PBXFileReference; lastKnownFileType = folder.assetcatalog; path = Assets.xcassets; sourceTree = "<group>"; };
		D5FC17911E44328A0004499C /* Base */ = {isa = PBXFileReference; lastKnownFileType = file.storyboard; name = Base; path = Base.lproj/LaunchScreen.storyboard; sourceTree = "<group>"; };
		D5FC17931E44328A0004499C /* Info.plist */ = {isa = PBXFileReference; lastKnownFileType = text.plist.xml; path = Info.plist; sourceTree = "<group>"; };
/* End PBXFileReference section */

/* Begin PBXFrameworksBuildPhase section */
		D5FC17811E44328A0004499C /* Frameworks */ = {
			isa = PBXFrameworksBuildPhase;
			buildActionMask = 2147483647;
			files = (
			);
			runOnlyForDeploymentPostprocessing = 0;
		};
/* End PBXFrameworksBuildPhase section */

/* Begin PBXGroup section */
		D5FC177B1E44328A0004499C = {
			isa = PBXGroup;
			children = (
				D5FC17861E44328A0004499C /* MyAutoLayout */,
				D5FC17851E44328A0004499C /* Products */,
			);
			sourceTree = "<group>";
		};
		D5FC17851E44328A0004499C /* Products */ = {
			isa = PBXGroup;
			children = (
				D5FC17841E44328A0004499C /* MyAutoLayout.app */,
			);
			name = Products;
			sourceTree = "<group>";
		};
		D5FC17861E44328A0004499C /* MyAutoLayout */ = {
			isa = PBXGroup;
			children = (
				D5FC178B1E44328A0004499C /* Main.storyboard */,
				D5FC179C1E4432B20004499C /* M */,
				D5FC179B1E4432AD0004499C /* V */,
				D5FC179A1E4432AA0004499C /* C */,
				D5FC17991E44329C0004499C /* Supporting Files */,
			);
			path = MyAutoLayout;
			sourceTree = "<group>";
		};
		D5FC17991E44329C0004499C /* Supporting Files */ = {
			isa = PBXGroup;
			children = (
				D5FC17871E44328A0004499C /* AppDelegate.swift */,
				D5FC178E1E44328A0004499C /* Assets.xcassets */,
				D5FC17901E44328A0004499C /* LaunchScreen.storyboard */,
				D5FC17931E44328A0004499C /* Info.plist */,
			);
			name = "Supporting Files";
			sourceTree = "<group>";
		};
		D5FC179A1E4432AA0004499C /* C */ = {
			isa = PBXGroup;
			children = (
				D5FC17891E44328A0004499C /* ViewController.swift */,
			);
			name = C;
			sourceTree = "<group>";
		};
		D5FC179B1E4432AD0004499C /* V */ = {
			isa = PBXGroup;
			children = (
			);
			name = V;
			sourceTree = "<group>";
		};
		D5FC179C1E4432B20004499C /* M */ = {
			isa = PBXGroup;
			children = (
			);
			name = M;
			sourceTree = "<group>";
		};
/* End PBXGroup section */

/* Begin PBXNativeTarget section */
		D5FC17831E44328A0004499C /* MyAutoLayout */ = {
			isa = PBXNativeTarget;
			buildConfigurationList = D5FC17961E44328A0004499C /* Build configuration list for PBXNativeTarget "MyAutoLayout" */;
			buildPhases = (
				D5FC17801E44328A0004499C /* Sources */,
				D5FC17811E44328A0004499C /* Frameworks */,
				D5FC17821E44328A0004499C /* Resources */,
			);
			buildRules = (
			);
			dependencies = (
			);
			name = MyAutoLayout;
			productName = MyAutoLayout;
			productReference = D5FC17841E44328A0004499C /* MyAutoLayout.app */;
			productType = "com.apple.product-type.application";
		};
/* End PBXNativeTarget section */

/* Begin PBXProject section */
		D5FC177C1E44328A0004499C /* Project object */ = {
			isa = PBXProject;
			attributes = {
				LastSwiftUpdateCheck = 0820;
				LastUpgradeCheck = 0820;
				ORGANIZATIONNAME = "Younoussa Ousmane Abdou";
				TargetAttributes = {
					D5FC17831E44328A0004499C = {
						CreatedOnToolsVersion = 8.2.1;
						DevelopmentTeam = 7HAUD8EZY3;
						ProvisioningStyle = Automatic;
					};
				};
			};
			buildConfigurationList = D5FC177F1E44328A0004499C /* Build configuration list for PBXProject "MyAutoLayout" */;
			compatibilityVersion = "Xcode 3.2";
			developmentRegion = English;
			hasScannedForEncodings = 0;
			knownRegions = (
				en,
				Base,
			);
			mainGroup = D5FC177B1E44328A0004499C;
			productRefGroup = D5FC17851E44328A0004499C /* Products */;
			projectDirPath = "";
			projectRoot = "";
			targets = (
				D5FC17831E44328A0004499C /* MyAutoLayout */,
			);
		};
/* End PBXProject section */

/* Begin PBXResourcesBuildPhase section */
		D5FC17821E44328A0004499C /* Resources */ = {
			isa = PBXResourcesBuildPhase;
			buildActionMask = 2147483647;
			files = (
				D5FC17921E44328A0004499C /* LaunchScreen.storyboard in Resources */,
				D5FC178F1E44328A0004499C /* Assets.xcassets in Resources */,
				D5FC178D1E44328A0004499C /* Main.storyboard in Resources */,
			);
			runOnlyForDeploymentPostprocessing = 0;
		};
/* End PBXResourcesBuildPhase section */

/* Begin PBXSourcesBuildPhase section */
		D5FC17801E44328A0004499C /* Sources */ = {
			isa = PBXSourcesBuildPhase;
			buildActionMask = 2147483647;
			files = (
				D5FC178A1E44328A0004499C /* ViewController.swift in Sources */,
				D5FC17881E44328A0004499C /* AppDelegate.swift in Sources */,
			);
			runOnlyForDeploymentPostprocessing = 0;
		};
/* End PBXSourcesBuildPhase section */

/* Begin PBXVariantGroup section */
		D5FC178B1E44328A0004499C /* Main.storyboard */ = {
			isa = PBXVariantGroup;
			children = (
				D5FC178C1E44328A0004499C /* Base */,
			);
			name = Main.storyboard;
			sourceTree = "<group>";
		};
		D5FC17901E44328A0004499C /* LaunchScreen.storyboard */ = {
			isa = PBXVariantGroup;
			children = (
				D5FC17911E44328A0004499C /* Base */,
			);
			name = LaunchScreen.storyboard;
			sourceTree = "<group>";
		};
/* End PBXVariantGroup section */

/* Begin XCBuildConfiguration section */
		D5FC17941E44328A0004499C /* Debug */ = {
			isa = XCBuildConfiguration;
			buildSettings = {
				ALWAYS_SEARCH_USER_PATHS = NO;
				CLANG_ANALYZER_NONNULL = YES;
				CLANG_CXX_LANGUAGE_STANDARD = "gnu++0x";
				CLANG_CXX_LIBRARY = "libc++";
				CLANG_ENABLE_MODULES = YES;
				CLANG_ENABLE_OBJC_ARC = YES;
				CLANG_WARN_BOOL_CONVERSION = YES;
				CLANG_WARN_CONSTANT_CONVERSION = YES;
				CLANG_WARN_DIRECT_OBJC_ISA_USAGE = YES_ERROR;
				CLANG_WARN_DOCUMENTATION_COMMENTS = YES;
				CLANG_WARN_EMPTY_BODY = YES;
				CLANG_WARN_ENUM_CONVERSION = YES;
				CLANG_WARN_INFINITE_RECURSION = YES;
				CLANG_WARN_INT_CONVERSION = YES;
				CLANG_WARN_OBJC_ROOT_CLASS = YES_ERROR;
				CLANG_WARN_SUSPICIOUS_MOVE = YES;
				CLANG_WARN_UNREACHABLE_CODE = YES;
				CLANG_WARN__DUPLICATE_METHOD_MATCH = YES;
				"CODE_SIGN_IDENTITY[sdk=iphoneos*]" = "iPhone Developer";
				COPY_PHASE_STRIP = NO;
				DEBUG_INFORMATION_FORMAT = dwarf;
				ENABLE_STRICT_OBJC_MSGSEND = YES;
				ENABLE_TESTABILITY = YES;
				GCC_C_LANGUAGE_STANDARD = gnu99;
				GCC_DYNAMIC_NO_PIC = NO;
				GCC_NO_COMMON_BLOCKS = YES;
				GCC_OPTIMIZATION_LEVEL = 0;
				GCC_PREPROCESSOR_DEFINITIONS = (
					"DEBUG=1",
					"$(inherited)",
				);
				GCC_WARN_64_TO_32_BIT_CONVERSION = YES;
				GCC_WARN_ABOUT_RETURN_TYPE = YES_ERROR;
				GCC_WARN_UNDECLARED_SELECTOR = YES;
				GCC_WARN_UNINITIALIZED_AUTOS = YES_AGGRESSIVE;
				GCC_WARN_UNUSED_FUNCTION = YES;
				GCC_WARN_UNUSED_VARIABLE = YES;
				IPHONEOS_DEPLOYMENT_TARGET = 10.2;
				MTL_ENABLE_DEBUG_INFO = YES;
				ONLY_ACTIVE_ARCH = YES;
				SDKROOT = iphoneos;
				SWIFT_ACTIVE_COMPILATION_CONDITIONS = DEBUG;
				SWIFT_OPTIMIZATION_LEVEL = "-Onone";
			};
			name = Debug;
		};
		D5FC17951E44328A0004499C /* Release */ = {
			isa = XCBuildConfiguration;
			buildSettings = {
				ALWAYS_SEARCH_USER_PATHS = NO;
				CLANG_ANALYZER_NONNULL = YES;
				CLANG_CXX_LANGUAGE_STANDARD = "gnu++0x";
				CLANG_CXX_LIBRARY = "libc++";
				CLANG_ENABLE_MODULES = YES;
				CLANG_ENABLE_OBJC_ARC = YES;
				CLANG_WARN_BOOL_CONVERSION = YES;
				CLANG_WARN_CONSTANT_CONVERSION = YES;
				CLANG_WARN_DIRECT_OBJC_ISA_USAGE = YES_ERROR;
				CLANG_WARN_DOCUMENTATION_COMMENTS = YES;
				CLANG_WARN_EMPTY_BODY = YES;
				CLANG_WARN_ENUM_CONVERSION = YES;
				CLANG_WARN_INFINITE_RECURSION = YES;
				CLANG_WARN_INT_CONVERSION = YES;
				CLANG_WARN_OBJC_ROOT_CLASS = YES_ERROR;
				CLANG_WARN_SUSPICIOUS_MOVE = YES;
				CLANG_WARN_UNREACHABLE_CODE = YES;
				CLANG_WARN__DUPLICATE_METHOD_MATCH = YES;
				"CODE_SIGN_IDENTITY[sdk=iphoneos*]" = "iPhone Developer";
				COPY_PHASE_STRIP = NO;
				DEBUG_INFORMATION_FORMAT = "dwarf-with-dsym";
				ENABLE_NS_ASSERTIONS = NO;
				ENABLE_STRICT_OBJC_MSGSEND = YES;
				GCC_C_LANGUAGE_STANDARD = gnu99;
				GCC_NO_COMMON_BLOCKS = YES;
				GCC_WARN_64_TO_32_BIT_CONVERSION = YES;
				GCC_WARN_ABOUT_RETURN_TYPE = YES_ERROR;
				GCC_WARN_UNDECLARED_SELECTOR = YES;
				GCC_WARN_UNINITIALIZED_AUTOS = YES_AGGRESSIVE;
				GCC_WARN_UNUSED_FUNCTION = YES;
				GCC_WARN_UNUSED_VARIABLE = YES;
				IPHONEOS_DEPLOYMENT_TARGET = 10.2;
				MTL_ENABLE_DEBUG_INFO = NO;
				SDKROOT = iphoneos;
				SWIFT_OPTIMIZATION_LEVEL = "-Owholemodule";
				VALIDATE_PRODUCT = YES;
			};
			name = Release;
		};
		D5FC17971E44328A0004499C /* Debug */ = {
			isa = XCBuildConfiguration;
			buildSettings = {
				ASSETCATALOG_COMPILER_APPICON_NAME = AppIcon;
				DEVELOPMENT_TEAM = 7HAUD8EZY3;
				INFOPLIST_FILE = MyAutoLayout/Info.plist;
				LD_RUNPATH_SEARCH_PATHS = "$(inherited) @executable_path/Frameworks";
				PRODUCT_BUNDLE_IDENTIFIER = com.yuso.MyAutoLayout;
				PRODUCT_NAME = "$(TARGET_NAME)";
				SWIFT_VERSION = 3.0;
			};
			name = Debug;
		};
		D5FC17981E44328A0004499C /* Release */ = {
			isa = XCBuildConfiguration;
			buildSettings = {
				ASSETCATALOG_COMPILER_APPICON_NAME = AppIcon;
				DEVELOPMENT_TEAM = 7HAUD8EZY3;
				INFOPLIST_FILE = MyAutoLayout/Info.plist;
				LD_RUNPATH_SEARCH_PATHS = "$(inherited) @executable_path/Frameworks";
				PRODUCT_BUNDLE_IDENTIFIER = com.yuso.MyAutoLayout;
				PRODUCT_NAME = "$(TARGET_NAME)";
				SWIFT_VERSION = 3.0;
			};
			name = Release;
		};
/* End XCBuildConfiguration section */

/* Begin XCConfigurationList section */
		D5FC177F1E44328A0004499C /* Build configuration list for PBXProject "MyAutoLayout" */ = {
			isa = XCConfigurationList;
			buildConfigurations = (
				D5FC17941E44328A0004499C /* Debug */,
				D5FC17951E44328A0004499C /* Release */,
			);
			defaultConfigurationIsVisible = 0;
			defaultConfigurationName = Release;
		};
		D5FC17961E44328A0004499C /* Build configuration list for PBXNativeTarget "MyAutoLayout" */ = {
			isa = XCConfigurationList;
			buildConfigurations = (
				D5FC17971E44328A0004499C /* Debug */,
				D5FC17981E44328A0004499C /* Release */,
			);
			defaultConfigurationIsVisible = 0;
		};
/* End XCConfigurationList section */
	};
	rootObject = D5FC177C1E44328A0004499C /* Project object */;
}
